// !$*UTF8*$!
{
	archiveVersion = 1;
	classes = {
	};
	objectVersion = 56;
	objects = {

/* Begin PBXBuildFile section */
		51F82C192A9AD0B20075A8A3 /* Tabby_CatApp.swift in Sources */ = {isa = PBXBuildFile; fileRef = 51F82C182A9AD0B20075A8A3 /* Tabby_CatApp.swift */; };
		51F82C1B2A9AD0B20075A8A3 /* ContentView.swift in Sources */ = {isa = PBXBuildFile; fileRef = 51F82C1A2A9AD0B20075A8A3 /* ContentView.swift */; };
		51F82C1D2A9AD0B30075A8A3 /* Assets.xcassets in Resources */ = {isa = PBXBuildFile; fileRef = 51F82C1C2A9AD0B30075A8A3 /* Assets.xcassets */; };
		51F82C202A9AD0B30075A8A3 /* Preview Assets.xcassets in Resources */ = {isa = PBXBuildFile; fileRef = 51F82C1F2A9AD0B30075A8A3 /* Preview Assets.xcassets */; };
		51F82C272A9AD0D80075A8A3 /* CatFactsView.swift in Sources */ = {isa = PBXBuildFile; fileRef = 51F82C262A9AD0D80075A8A3 /* CatFactsView.swift */; };
		51F82C292A9AD0EC0075A8A3 /* CatImagesView.swift in Sources */ = {isa = PBXBuildFile; fileRef = 51F82C282A9AD0EC0075A8A3 /* CatImagesView.swift */; };
		51F82C2B2A9AD0FB0075A8A3 /* CatBounceView.swift in Sources */ = {isa = PBXBuildFile; fileRef = 51F82C2A2A9AD0FB0075A8A3 /* CatBounceView.swift */; };
		51F82C2D2A9AD1370075A8A3 /* CatGalleryView.swift in Sources */ = {isa = PBXBuildFile; fileRef = 51F82C2C2A9AD1370075A8A3 /* CatGalleryView.swift */; };
		51F82C2F2A9AD38F0075A8A3 /* CatFactsManger.swift in Sources */ = {isa = PBXBuildFile; fileRef = 51F82C2E2A9AD38F0075A8A3 /* CatFactsManger.swift */; };
		51F82C312A9AD8950075A8A3 /* CatFact.swift in Sources */ = {isa = PBXBuildFile; fileRef = 51F82C302A9AD8950075A8A3 /* CatFact.swift */; };
		51F82C342A9AE1200075A8A3 /* Subsonic in Frameworks */ = {isa = PBXBuildFile; productRef = 51F82C332A9AE1200075A8A3 /* Subsonic */; };
		51F82C362A9AE20D0075A8A3 /* MEOW.m4a in Resources */ = {isa = PBXBuildFile; fileRef = 51F82C352A9AE20D0075A8A3 /* MEOW.m4a */; };
		51F82C582A9AE97C0075A8A3 /* CatBounceScreen.storyboard in Resources */ = {isa = PBXBuildFile; fileRef = 51F82C572A9AE97C0075A8A3 /* CatBounceScreen.storyboard */; };
		51F82C5A2A9AE9C50075A8A3 /* CatBounceViewController.swift in Sources */ = {isa = PBXBuildFile; fileRef = 51F82C592A9AE9C50075A8A3 /* CatBounceViewController.swift */; };
		51F82C5C2A9C443C0075A8A3 /* MobileNetV2.mlmodel in Sources */ = {isa = PBXBuildFile; fileRef = 51F82C5B2A9C443C0075A8A3 /* MobileNetV2.mlmodel */; };
		51F82C692A9C45BF0075A8A3 /* CatDetectionView.swift in Sources */ = {isa = PBXBuildFile; fileRef = 51F82C682A9C45BF0075A8A3 /* CatDetectionView.swift */; };
		51F82C6B2A9C48640075A8A3 /* CatDetectionManger.swift in Sources */ = {isa = PBXBuildFile; fileRef = 51F82C6A2A9C48640075A8A3 /* CatDetectionManger.swift */; };
/* End PBXBuildFile section */

/* Begin PBXFileReference section */
		51F82C152A9AD0B20075A8A3 /* Tabby Cat.app */ = {isa = PBXFileReference; explicitFileType = wrapper.application; includeInIndex = 0; path = "Tabby Cat.app"; sourceTree = BUILT_PRODUCTS_DIR; };
		51F82C182A9AD0B20075A8A3 /* Tabby_CatApp.swift */ = {isa = PBXFileReference; lastKnownFileType = sourcecode.swift; path = Tabby_CatApp.swift; sourceTree = "<group>"; };
		51F82C1A2A9AD0B20075A8A3 /* ContentView.swift */ = {isa = PBXFileReference; lastKnownFileType = sourcecode.swift; path = ContentView.swift; sourceTree = "<group>"; };
		51F82C1C2A9AD0B30075A8A3 /* Assets.xcassets */ = {isa = PBXFileReference; lastKnownFileType = folder.assetcatalog; path = Assets.xcassets; sourceTree = "<group>"; };
		51F82C1F2A9AD0B30075A8A3 /* Preview Assets.xcassets */ = {isa = PBXFileReference; lastKnownFileType = folder.assetcatalog; path = "Preview Assets.xcassets"; sourceTree = "<group>"; };
		51F82C262A9AD0D80075A8A3 /* CatFactsView.swift */ = {isa = PBXFileReference; lastKnownFileType = sourcecode.swift; path = CatFactsView.swift; sourceTree = "<group>"; };
		51F82C282A9AD0EC0075A8A3 /* CatImagesView.swift */ = {isa = PBXFileReference; lastKnownFileType = sourcecode.swift; path = CatImagesView.swift; sourceTree = "<group>"; };
		51F82C2A2A9AD0FB0075A8A3 /* CatBounceView.swift */ = {isa = PBXFileReference; lastKnownFileType = sourcecode.swift; path = CatBounceView.swift; sourceTree = "<group>"; };
		51F82C2C2A9AD1370075A8A3 /* CatGalleryView.swift */ = {isa = PBXFileReference; lastKnownFileType = sourcecode.swift; path = CatGalleryView.swift; sourceTree = "<group>"; };
		51F82C2E2A9AD38F0075A8A3 /* CatFactsManger.swift */ = {isa = PBXFileReference; lastKnownFileType = sourcecode.swift; path = CatFactsManger.swift; sourceTree = "<group>"; };
		51F82C302A9AD8950075A8A3 /* CatFact.swift */ = {isa = PBXFileReference; lastKnownFileType = sourcecode.swift; path = CatFact.swift; sourceTree = "<group>"; };
		51F82C352A9AE20D0075A8A3 /* MEOW.m4a */ = {isa = PBXFileReference; lastKnownFileType = file; path = MEOW.m4a; sourceTree = "<group>"; };
		51F82C572A9AE97C0075A8A3 /* CatBounceScreen.storyboard */ = {isa = PBXFileReference; lastKnownFileType = file.storyboard; path = CatBounceScreen.storyboard; sourceTree = "<group>"; };
		51F82C592A9AE9C50075A8A3 /* CatBounceViewController.swift */ = {isa = PBXFileReference; lastKnownFileType = sourcecode.swift; path = CatBounceViewController.swift; sourceTree = "<group>"; };
		51F82C5B2A9C443C0075A8A3 /* MobileNetV2.mlmodel */ = {isa = PBXFileReference; lastKnownFileType = file.mlmodel; path = MobileNetV2.mlmodel; sourceTree = "<group>"; };
		51F82C682A9C45BF0075A8A3 /* CatDetectionView.swift */ = {isa = PBXFileReference; lastKnownFileType = sourcecode.swift; path = CatDetectionView.swift; sourceTree = "<group>"; };
		51F82C6A2A9C48640075A8A3 /* CatDetectionManger.swift */ = {isa = PBXFileReference; lastKnownFileType = sourcecode.swift; path = CatDetectionManger.swift; sourceTree = "<group>"; };
/* End PBXFileReference section */

/* Begin PBXFrameworksBuildPhase section */
		51F82C122A9AD0B20075A8A3 /* Frameworks */ = {
			isa = PBXFrameworksBuildPhase;
			buildActionMask = 2147483647;
			files = (
				51F82C342A9AE1200075A8A3 /* Subsonic in Frameworks */,
			);
			runOnlyForDeploymentPostprocessing = 0;
		};
/* End PBXFrameworksBuildPhase section */

/* Begin PBXGroup section */
		51F82C0C2A9AD0B20075A8A3 = {
			isa = PBXGroup;
			children = (
				51F82C172A9AD0B20075A8A3 /* Tabby Cat */,
				51F82C162A9AD0B20075A8A3 /* Products */,
			);
			sourceTree = "<group>";
		};
		51F82C162A9AD0B20075A8A3 /* Products */ = {
			isa = PBXGroup;
			children = (
				51F82C152A9AD0B20075A8A3 /* Tabby Cat.app */,
			);
			name = Products;
			sourceTree = "<group>";
		};
		51F82C172A9AD0B20075A8A3 /* Tabby Cat */ = {
			isa = PBXGroup;
			children = (
				51F82C662A9C45420075A8A3 /* Main */,
				51F82C5F2A9C448C0075A8A3 /* CatFact */,
				51F82C602A9C44AD0075A8A3 /* CatImage */,
				51F82C612A9C44B70075A8A3 /* CatBounce */,
				51F82C652A9C452D0075A8A3 /* Sound */,
				51F82C1C2A9AD0B30075A8A3 /* Assets.xcassets */,
				51F82C1E2A9AD0B30075A8A3 /* Preview Content */,
			);
			path = "Tabby Cat";
			sourceTree = "<group>";
		};
		51F82C1E2A9AD0B30075A8A3 /* Preview Content */ = {
			isa = PBXGroup;
			children = (
				51F82C1F2A9AD0B30075A8A3 /* Preview Assets.xcassets */,
			);
			path = "Preview Content";
			sourceTree = "<group>";
		};
		51F82C5F2A9C448C0075A8A3 /* CatFact */ = {
			isa = PBXGroup;
			children = (
				51F82C302A9AD8950075A8A3 /* CatFact.swift */,
				51F82C262A9AD0D80075A8A3 /* CatFactsView.swift */,
				51F82C2E2A9AD38F0075A8A3 /* CatFactsManger.swift */,
			);
			path = CatFact;
			sourceTree = "<group>";
		};
		51F82C602A9C44AD0075A8A3 /* CatImage */ = {
			isa = PBXGroup;
			children = (
				51F82C282A9AD0EC0075A8A3 /* CatImagesView.swift */,
			);
			path = CatImage;
			sourceTree = "<group>";
		};
		51F82C612A9C44B70075A8A3 /* CatBounce */ = {
			isa = PBXGroup;
			children = (
				51F82C2A2A9AD0FB0075A8A3 /* CatBounceView.swift */,
				51F82C572A9AE97C0075A8A3 /* CatBounceScreen.storyboard */,
				51F82C592A9AE9C50075A8A3 /* CatBounceViewController.swift */,
				51F82C632A9C45020075A8A3 /* CatGallery */,
			);
			path = CatBounce;
			sourceTree = "<group>";
		};
		51F82C632A9C45020075A8A3 /* CatGallery */ = {
			isa = PBXGroup;
			children = (
				51F82C2C2A9AD1370075A8A3 /* CatGalleryView.swift */,
				51F82C672A9C459B0075A8A3 /* CatDetection */,
			);
			path = CatGallery;
			sourceTree = "<group>";
		};
		51F82C652A9C452D0075A8A3 /* Sound */ = {
			isa = PBXGroup;
			children = (
				51F82C352A9AE20D0075A8A3 /* MEOW.m4a */,
			);
			path = Sound;
			sourceTree = "<group>";
		};
		51F82C662A9C45420075A8A3 /* Main */ = {
			isa = PBXGroup;
			children = (
				51F82C182A9AD0B20075A8A3 /* Tabby_CatApp.swift */,
				51F82C1A2A9AD0B20075A8A3 /* ContentView.swift */,
			);
			path = Main;
			sourceTree = "<group>";
		};
		51F82C672A9C459B0075A8A3 /* CatDetection */ = {
			isa = PBXGroup;
			children = (
				51F82C682A9C45BF0075A8A3 /* CatDetectionView.swift */,
				51F82C6A2A9C48640075A8A3 /* CatDetectionManger.swift */,
				51F82C5B2A9C443C0075A8A3 /* MobileNetV2.mlmodel */,
			);
			path = CatDetection;
			sourceTree = "<group>";
		};
/* End PBXGroup section */

/* Begin PBXNativeTarget section */
		51F82C142A9AD0B20075A8A3 /* Tabby Cat */ = {
			isa = PBXNativeTarget;
			buildConfigurationList = 51F82C232A9AD0B30075A8A3 /* Build configuration list for PBXNativeTarget "Tabby Cat" */;
			buildPhases = (
				51F82C112A9AD0B20075A8A3 /* Sources */,
				51F82C122A9AD0B20075A8A3 /* Frameworks */,
				51F82C132A9AD0B20075A8A3 /* Resources */,
			);
			buildRules = (
			);
			dependencies = (
			);
			name = "Tabby Cat";
			packageProductDependencies = (
				51F82C332A9AE1200075A8A3 /* Subsonic */,
			);
			productName = "Tabby Cat";
			productReference = 51F82C152A9AD0B20075A8A3 /* Tabby Cat.app */;
			productType = "com.apple.product-type.application";
		};
/* End PBXNativeTarget section */

/* Begin PBXProject section */
		51F82C0D2A9AD0B20075A8A3 /* Project object */ = {
			isa = PBXProject;
			attributes = {
				BuildIndependentTargetsInParallel = 1;
				LastSwiftUpdateCheck = 1430;
				LastUpgradeCheck = 1430;
				TargetAttributes = {
					51F82C142A9AD0B20075A8A3 = {
						CreatedOnToolsVersion = 14.3.1;
					};
				};
			};
			buildConfigurationList = 51F82C102A9AD0B20075A8A3 /* Build configuration list for PBXProject "Tabby Cat" */;
			compatibilityVersion = "Xcode 14.0";
			developmentRegion = en;
			hasScannedForEncodings = 0;
			knownRegions = (
				en,
				Base,
			);
			mainGroup = 51F82C0C2A9AD0B20075A8A3;
			packageReferences = (
				51F82C322A9AE1200075A8A3 /* XCRemoteSwiftPackageReference "Subsonic" */,
			);
			productRefGroup = 51F82C162A9AD0B20075A8A3 /* Products */;
			projectDirPath = "";
			projectRoot = "";
			targets = (
				51F82C142A9AD0B20075A8A3 /* Tabby Cat */,
			);
		};
/* End PBXProject section */

/* Begin PBXResourcesBuildPhase section */
		51F82C132A9AD0B20075A8A3 /* Resources */ = {
			isa = PBXResourcesBuildPhase;
			buildActionMask = 2147483647;
			files = (
				51F82C202A9AD0B30075A8A3 /* Preview Assets.xcassets in Resources */,
				51F82C582A9AE97C0075A8A3 /* CatBounceScreen.storyboard in Resources */,
				51F82C1D2A9AD0B30075A8A3 /* Assets.xcassets in Resources */,
				51F82C362A9AE20D0075A8A3 /* MEOW.m4a in Resources */,
			);
			runOnlyForDeploymentPostprocessing = 0;
		};
/* End PBXResourcesBuildPhase section */

/* Begin PBXSourcesBuildPhase section */
		51F82C112A9AD0B20075A8A3 /* Sources */ = {
			isa = PBXSourcesBuildPhase;
			buildActionMask = 2147483647;
			files = (
				51F82C2F2A9AD38F0075A8A3 /* CatFactsManger.swift in Sources */,
				51F82C2D2A9AD1370075A8A3 /* CatGalleryView.swift in Sources */,
				51F82C1B2A9AD0B20075A8A3 /* ContentView.swift in Sources */,
				51F82C692A9C45BF0075A8A3 /* CatDetectionView.swift in Sources */,
				51F82C6B2A9C48640075A8A3 /* CatDetectionManger.swift in Sources */,
				51F82C2B2A9AD0FB0075A8A3 /* CatBounceView.swift in Sources */,
				51F82C272A9AD0D80075A8A3 /* CatFactsView.swift in Sources */,
				51F82C192A9AD0B20075A8A3 /* Tabby_CatApp.swift in Sources */,
				51F82C312A9AD8950075A8A3 /* CatFact.swift in Sources */,
				51F82C5A2A9AE9C50075A8A3 /* CatBounceViewController.swift in Sources */,
				51F82C5C2A9C443C0075A8A3 /* MobileNetV2.mlmodel in Sources */,
				51F82C292A9AD0EC0075A8A3 /* CatImagesView.swift in Sources */,
			);
			runOnlyForDeploymentPostprocessing = 0;
		};
/* End PBXSourcesBuildPhase section */

/* Begin XCBuildConfiguration section */
		51F82C212A9AD0B30075A8A3 /* Debug */ = {
			isa = XCBuildConfiguration;
			buildSettings = {
				ALWAYS_SEARCH_USER_PATHS = NO;
				CLANG_ANALYZER_NONNULL = YES;
				CLANG_ANALYZER_NUMBER_OBJECT_CONVERSION = YES_AGGRESSIVE;
				CLANG_CXX_LANGUAGE_STANDARD = "gnu++20";
				CLANG_ENABLE_MODULES = YES;
				CLANG_ENABLE_OBJC_ARC = YES;
				CLANG_ENABLE_OBJC_WEAK = YES;
				CLANG_WARN_BLOCK_CAPTURE_AUTORELEASING = YES;
				CLANG_WARN_BOOL_CONVERSION = YES;
				CLANG_WARN_COMMA = YES;
				CLANG_WARN_CONSTANT_CONVERSION = YES;
				CLANG_WARN_DEPRECATED_OBJC_IMPLEMENTATIONS = YES;
				CLANG_WARN_DIRECT_OBJC_ISA_USAGE = YES_ERROR;
				CLANG_WARN_DOCUMENTATION_COMMENTS = YES;
				CLANG_WARN_EMPTY_BODY = YES;
				CLANG_WARN_ENUM_CONVERSION = YES;
				CLANG_WARN_INFINITE_RECURSION = YES;
				CLANG_WARN_INT_CONVERSION = YES;
				CLANG_WARN_NON_LITERAL_NULL_CONVERSION = YES;
				CLANG_WARN_OBJC_IMPLICIT_RETAIN_SELF = YES;
				CLANG_WARN_OBJC_LITERAL_CONVERSION = YES;
				CLANG_WARN_OBJC_ROOT_CLASS = YES_ERROR;
				CLANG_WARN_QUOTED_INCLUDE_IN_FRAMEWORK_HEADER = YES;
				CLANG_WARN_RANGE_LOOP_ANALYSIS = YES;
				CLANG_WARN_STRICT_PROTOTYPES = YES;
				CLANG_WARN_SUSPICIOUS_MOVE = YES;
				CLANG_WARN_UNGUARDED_AVAILABILITY = YES_AGGRESSIVE;
				CLANG_WARN_UNREACHABLE_CODE = YES;
				CLANG_WARN__DUPLICATE_METHOD_MATCH = YES;
				COPY_PHASE_STRIP = NO;
				DEBUG_INFORMATION_FORMAT = dwarf;
				ENABLE_STRICT_OBJC_MSGSEND = YES;
				ENABLE_TESTABILITY = YES;
				GCC_C_LANGUAGE_STANDARD = gnu11;
				GCC_DYNAMIC_NO_PIC = NO;
				GCC_NO_COMMON_BLOCKS = YES;
				GCC_OPTIMIZATION_LEVEL = 0;
				GCC_PREPROCESSOR_DEFINITIONS = (
					"DEBUG=1",
					"$(inherited)",
				);
				GCC_WARN_64_TO_32_BIT_CONVERSION = YES;
				GCC_WARN_ABOUT_RETURN_TYPE = YES_ERROR;
				GCC_WARN_UNDECLARED_SELECTOR = YES;
				GCC_WARN_UNINITIALIZED_AUTOS = YES_AGGRESSIVE;
				GCC_WARN_UNUSED_FUNCTION = YES;
				GCC_WARN_UNUSED_VARIABLE = YES;
				IPHONEOS_DEPLOYMENT_TARGET = 16.4;
				MTL_ENABLE_DEBUG_INFO = INCLUDE_SOURCE;
				MTL_FAST_MATH = YES;
				ONLY_ACTIVE_ARCH = YES;
				SDKROOT = iphoneos;
				SWIFT_ACTIVE_COMPILATION_CONDITIONS = DEBUG;
				SWIFT_OPTIMIZATION_LEVEL = "-Onone";
			};
			name = Debug;
		};
		51F82C222A9AD0B30075A8A3 /* Release */ = {
			isa = XCBuildConfiguration;
			buildSettings = {
				ALWAYS_SEARCH_USER_PATHS = NO;
				CLANG_ANALYZER_NONNULL = YES;
				CLANG_ANALYZER_NUMBER_OBJECT_CONVERSION = YES_AGGRESSIVE;
				CLANG_CXX_LANGUAGE_STANDARD = "gnu++20";
				CLANG_ENABLE_MODULES = YES;
				CLANG_ENABLE_OBJC_ARC = YES;
				CLANG_ENABLE_OBJC_WEAK = YES;
				CLANG_WARN_BLOCK_CAPTURE_AUTORELEASING = YES;
				CLANG_WARN_BOOL_CONVERSION = YES;
				CLANG_WARN_COMMA = YES;
				CLANG_WARN_CONSTANT_CONVERSION = YES;
				CLANG_WARN_DEPRECATED_OBJC_IMPLEMENTATIONS = YES;
				CLANG_WARN_DIRECT_OBJC_ISA_USAGE = YES_ERROR;
				CLANG_WARN_DOCUMENTATION_COMMENTS = YES;
				CLANG_WARN_EMPTY_BODY = YES;
				CLANG_WARN_ENUM_CONVERSION = YES;
				CLANG_WARN_INFINITE_RECURSION = YES;
				CLANG_WARN_INT_CONVERSION = YES;
				CLANG_WARN_NON_LITERAL_NULL_CONVERSION = YES;
				CLANG_WARN_OBJC_IMPLICIT_RETAIN_SELF = YES;
				CLANG_WARN_OBJC_LITERAL_CONVERSION = YES;
				CLANG_WARN_OBJC_ROOT_CLASS = YES_ERROR;
				CLANG_WARN_QUOTED_INCLUDE_IN_FRAMEWORK_HEADER = YES;
				CLANG_WARN_RANGE_LOOP_ANALYSIS = YES;
				CLANG_WARN_STRICT_PROTOTYPES = YES;
				CLANG_WARN_SUSPICIOUS_MOVE = YES;
				CLANG_WARN_UNGUARDED_AVAILABILITY = YES_AGGRESSIVE;
				CLANG_WARN_UNREACHABLE_CODE = YES;
				CLANG_WARN__DUPLICATE_METHOD_MATCH = YES;
				COPY_PHASE_STRIP = NO;
				DEBUG_INFORMATION_FORMAT = "dwarf-with-dsym";
				ENABLE_NS_ASSERTIONS = NO;
				ENABLE_STRICT_OBJC_MSGSEND = YES;
				GCC_C_LANGUAGE_STANDARD = gnu11;
				GCC_NO_COMMON_BLOCKS = YES;
				GCC_WARN_64_TO_32_BIT_CONVERSION = YES;
				GCC_WARN_ABOUT_RETURN_TYPE = YES_ERROR;
				GCC_WARN_UNDECLARED_SELECTOR = YES;
				GCC_WARN_UNINITIALIZED_AUTOS = YES_AGGRESSIVE;
				GCC_WARN_UNUSED_FUNCTION = YES;
				GCC_WARN_UNUSED_VARIABLE = YES;
				IPHONEOS_DEPLOYMENT_TARGET = 16.4;
				MTL_ENABLE_DEBUG_INFO = NO;
				MTL_FAST_MATH = YES;
				SDKROOT = iphoneos;
				SWIFT_COMPILATION_MODE = wholemodule;
				SWIFT_OPTIMIZATION_LEVEL = "-O";
				VALIDATE_PRODUCT = YES;
			};
			name = Release;
		};
		51F82C242A9AD0B30075A8A3 /* Debug */ = {
			isa = XCBuildConfiguration;
			buildSettings = {
				ASSETCATALOG_COMPILER_APPICON_NAME = AppIcon;
				ASSETCATALOG_COMPILER_GLOBAL_ACCENT_COLOR_NAME = AccentColor;
				CODE_SIGN_STYLE = Automatic;
				CURRENT_PROJECT_VERSION = 1;
				DEVELOPMENT_ASSET_PATHS = "\"Tabby Cat/Preview Content\"";
				ENABLE_PREVIEWS = YES;
				GENERATE_INFOPLIST_FILE = YES;
				INFOPLIST_KEY_UIApplicationSceneManifest_Generation = YES;
				INFOPLIST_KEY_UIApplicationSupportsIndirectInputEvents = YES;
				INFOPLIST_KEY_UILaunchScreen_Generation = YES;
				INFOPLIST_KEY_UISupportedInterfaceOrientations_iPad = "UIInterfaceOrientationPortrait UIInterfaceOrientationPortraitUpsideDown UIInterfaceOrientationLandscapeLeft UIInterfaceOrientationLandscapeRight";
				INFOPLIST_KEY_UISupportedInterfaceOrientations_iPhone = "UIInterfaceOrientationPortrait UIInterfaceOrientationLandscapeLeft UIInterfaceOrientationLandscapeRight";
				LD_RUNPATH_SEARCH_PATHS = (
					"$(inherited)",
					"@executable_path/Frameworks",
				);
				MARKETING_VERSION = 1.0;
				PRODUCT_BUNDLE_IDENTIFIER = "omar.Tabby-Cat";
				PRODUCT_NAME = "$(TARGET_NAME)";
				SWIFT_EMIT_LOC_STRINGS = YES;
				SWIFT_VERSION = 5.0;
				TARGETED_DEVICE_FAMILY = "1,2";
			};
			name = Debug;
		};
		51F82C252A9AD0B30075A8A3 /* Release */ = {
			isa = XCBuildConfiguration;
			buildSettings = {
				ASSETCATALOG_COMPILER_APPICON_NAME = AppIcon;
				ASSETCATALOG_COMPILER_GLOBAL_ACCENT_COLOR_NAME = AccentColor;
				CODE_SIGN_STYLE = Automatic;
				CURRENT_PROJECT_VERSION = 1;
				DEVELOPMENT_ASSET_PATHS = "\"Tabby Cat/Preview Content\"";
				ENABLE_PREVIEWS = YES;
				GENERATE_INFOPLIST_FILE = YES;
				INFOPLIST_KEY_UIApplicationSceneManifest_Generation = YES;
				INFOPLIST_KEY_UIApplicationSupportsIndirectInputEvents = YES;
				INFOPLIST_KEY_UILaunchScreen_Generation = YES;
				INFOPLIST_KEY_UISupportedInterfaceOrientations_iPad = "UIInterfaceOrientationPortrait UIInterfaceOrientationPortraitUpsideDown UIInterfaceOrientationLandscapeLeft UIInterfaceOrientationLandscapeRight";
				INFOPLIST_KEY_UISupportedInterfaceOrientations_iPhone = "UIInterfaceOrientationPortrait UIInterfaceOrientationLandscapeLeft UIInterfaceOrientationLandscapeRight";
				LD_RUNPATH_SEARCH_PATHS = (
					"$(inherited)",
					"@executable_path/Frameworks",
				);
				MARKETING_VERSION = 1.0;
				PRODUCT_BUNDLE_IDENTIFIER = "omar.Tabby-Cat";
				PRODUCT_NAME = "$(TARGET_NAME)";
				SWIFT_EMIT_LOC_STRINGS = YES;
				SWIFT_VERSION = 5.0;
				TARGETED_DEVICE_FAMILY = "1,2";
			};
			name = Release;
		};
/* End XCBuildConfiguration section */

/* Begin XCConfigurationList section */
		51F82C102A9AD0B20075A8A3 /* Build configuration list for PBXProject "Tabby Cat" */ = {
			isa = XCConfigurationList;
			buildConfigurations = (
				51F82C212A9AD0B30075A8A3 /* Debug */,
				51F82C222A9AD0B30075A8A3 /* Release */,
			);
			defaultConfigurationIsVisible = 0;
			defaultConfigurationName = Release;
		};
		51F82C232A9AD0B30075A8A3 /* Build configuration list for PBXNativeTarget "Tabby Cat" */ = {
			isa = XCConfigurationList;
			buildConfigurations = (
				51F82C242A9AD0B30075A8A3 /* Debug */,
				51F82C252A9AD0B30075A8A3 /* Release */,
			);
			defaultConfigurationIsVisible = 0;
			defaultConfigurationName = Release;
		};
/* End XCConfigurationList section */

/* Begin XCRemoteSwiftPackageReference section */
		51F82C322A9AE1200075A8A3 /* XCRemoteSwiftPackageReference "Subsonic" */ = {
			isa = XCRemoteSwiftPackageReference;
			repositoryURL = "https://github.com/twostraws/Subsonic";
			requirement = {
				kind = upToNextMajorVersion;
				minimumVersion = 0.2.0;
			};
		};
/* End XCRemoteSwiftPackageReference section */

/* Begin XCSwiftPackageProductDependency section */
		51F82C332A9AE1200075A8A3 /* Subsonic */ = {
			isa = XCSwiftPackageProductDependency;
			package = 51F82C322A9AE1200075A8A3 /* XCRemoteSwiftPackageReference "Subsonic" */;
			productName = Subsonic;
		};
/* End XCSwiftPackageProductDependency section */
	};
	rootObject = 51F82C0D2A9AD0B20075A8A3 /* Project object */;
}
